{
  "name": "test-dependabot-cleanup",
  "version": "1.0.0",
  "lockfileVersion": 2,
  "requires": true,
  "packages": {
    "": {
      "name": "test-dependabot-cleanup",
      "version": "1.0.0",
      "dependencies": {
        "lodash": "4.12.0"
      }
    },
    "node_modules/lodash": {
      "version": "4.12.0",
      "resolved": "https://registry.npmjs.org/lodash/-/lodash-4.12.0.tgz",
      "integrity": "sha512-H7Y9y0h/WibZBZyt9IOEEDaNJCzmpEoUQNB6d/+sHuS6fKFWCRuYSAf5s2mfK3hYrPqHbosJI4/bv0HUf2OvVw=="
    }
  },
  "dependencies": {
    "lodash": {
      "version": "4.12.0",
      "resolved": "https://registry.npmjs.org/lodash/-/lodash-4.12.0.tgz",
      "integrity": "sha512-H7Y9y0h/WibZBZyt9IOEEDaNJCzmpEoUQNB6d/+sHuS6fKFWCRuYSAf5s2mfK3hYrPqHbosJI4/bv0HUf2OvVw=="
    }
  }
}
